
Microsoft Visual Studio Solution File, Format Version 12.00
# Visual Studio 14
VisualStudioVersion = 14.0.23107.0
MinimumVisualStudioVersion = 10.0.40219.1
Project("{2150E333-8FDC-42A3-9474-1A3956D46DE8}") = "Core", "Core", "{1C9DAC5C-A4CE-4E0C-BEB2-BCB0502AEDC6}"
EndProject
Project("{FAE04EC0-301F-11D3-BF4B-00C04F79EFBC}") = "Flip", "src\Flip\Flip.csproj", "{45144071-5729-4A06-B361-DBF1409E45E0}"
EndProject
Project("{FAE04EC0-301F-11D3-BF4B-00C04F79EFBC}") = "Flip.Tests", "tests\Flip.Tests\Flip.Tests.csproj", "{948CE665-FA9C-458D-BAAC-6052DD815C5F}"
EndProject
Project("{2150E333-8FDC-42A3-9474-1A3956D46DE8}") = "Samples", "Samples", "{5B4EF548-56F5-467A-B3EF-0A0B8D1CF7F8}"
EndProject
Project("{FAE04EC0-301F-11D3-BF4B-00C04F79EFBC}") = "ContactListWithMvvmLight", "samples\ContactListWithMvvmLight\ContactListWithMvvmLight.csproj", "{AC9114D4-6E5C-4611-9C21-F040DB6F6E82}"
EndProject
Project("{2150E333-8FDC-42A3-9474-1A3956D46DE8}") = "Mvvm", "Mvvm", "{D2A3916F-D54D-4993-AE9D-4A47CD40603F}"
EndProject
Project("{FAE04EC0-301F-11D3-BF4B-00C04F79EFBC}") = "Flip.Mvvm", "src\Flip.Mvvm\Flip.Mvvm.csproj", "{B2127920-16F9-4A21-BBD2-5A3BFCA4996D}"
EndProject
Project("{FAE04EC0-301F-11D3-BF4B-00C04F79EFBC}") = "Flip.Mvvm.Tests", "tests\Flip.Mvvm.Tests\Flip.Mvvm.Tests.csproj", "{EA92AE3E-FCF8-468E-9EB2-A0610D6E10CD}"
EndProject
Global
	GlobalSection(SolutionConfigurationPlatforms) = preSolution
		Debug|Any CPU = Debug|Any CPU
		Release|Any CPU = Release|Any CPU
	EndGlobalSection
	GlobalSection(ProjectConfigurationPlatforms) = postSolution
		{45144071-5729-4A06-B361-DBF1409E45E0}.Debug|Any CPU.ActiveCfg = Debug|Any CPU
		{45144071-5729-4A06-B361-DBF1409E45E0}.Debug|Any CPU.Build.0 = Debug|Any CPU
		{45144071-5729-4A06-B361-DBF1409E45E0}.Release|Any CPU.ActiveCfg = Release|Any CPU
		{45144071-5729-4A06-B361-DBF1409E45E0}.Release|Any CPU.Build.0 = Release|Any CPU
		{948CE665-FA9C-458D-BAAC-6052DD815C5F}.Debug|Any CPU.ActiveCfg = Debug|Any CPU
		{948CE665-FA9C-458D-BAAC-6052DD815C5F}.Debug|Any CPU.Build.0 = Debug|Any CPU
		{948CE665-FA9C-458D-BAAC-6052DD815C5F}.Release|Any CPU.ActiveCfg = Release|Any CPU
		{948CE665-FA9C-458D-BAAC-6052DD815C5F}.Release|Any CPU.Build.0 = Release|Any CPU
		{AC9114D4-6E5C-4611-9C21-F040DB6F6E82}.Debug|Any CPU.ActiveCfg = Debug|Any CPU
		{AC9114D4-6E5C-4611-9C21-F040DB6F6E82}.Debug|Any CPU.Build.0 = Debug|Any CPU
		{AC9114D4-6E5C-4611-9C21-F040DB6F6E82}.Release|Any CPU.ActiveCfg = Release|Any CPU
		{AC9114D4-6E5C-4611-9C21-F040DB6F6E82}.Release|Any CPU.Build.0 = Release|Any CPU
		{B2127920-16F9-4A21-BBD2-5A3BFCA4996D}.Debug|Any CPU.ActiveCfg = Debug|Any CPU
		{B2127920-16F9-4A21-BBD2-5A3BFCA4996D}.Debug|Any CPU.Build.0 = Debug|Any CPU
		{B2127920-16F9-4A21-BBD2-5A3BFCA4996D}.Release|Any CPU.ActiveCfg = Release|Any CPU
		{B2127920-16F9-4A21-BBD2-5A3BFCA4996D}.Release|Any CPU.Build.0 = Release|Any CPU
		{EA92AE3E-FCF8-468E-9EB2-A0610D6E10CD}.Debug|Any CPU.ActiveCfg = Debug|Any CPU
		{EA92AE3E-FCF8-468E-9EB2-A0610D6E10CD}.Debug|Any CPU.Build.0 = Debug|Any CPU
		{EA92AE3E-FCF8-468E-9EB2-A0610D6E10CD}.Release|Any CPU.ActiveCfg = Release|Any CPU
		{EA92AE3E-FCF8-468E-9EB2-A0610D6E10CD}.Release|Any CPU.Build.0 = Release|Any CPU
	EndGlobalSection
	GlobalSection(SolutionProperties) = preSolution
		HideSolutionNode = FALSE
	EndGlobalSection
	GlobalSection(NestedProjects) = preSolution
		{45144071-5729-4A06-B361-DBF1409E45E0} = {1C9DAC5C-A4CE-4E0C-BEB2-BCB0502AEDC6}
		{948CE665-FA9C-458D-BAAC-6052DD815C5F} = {1C9DAC5C-A4CE-4E0C-BEB2-BCB0502AEDC6}
		{AC9114D4-6E5C-4611-9C21-F040DB6F6E82} = {5B4EF548-56F5-467A-B3EF-0A0B8D1CF7F8}
		{B2127920-16F9-4A21-BBD2-5A3BFCA4996D} = {D2A3916F-D54D-4993-AE9D-4A47CD40603F}
		{EA92AE3E-FCF8-468E-9EB2-A0610D6E10CD} = {D2A3916F-D54D-4993-AE9D-4A47CD40603F}
	EndGlobalSection
EndGlobal
